
Microsoft Visual Studio Solution File, Format Version 12.00
# Visual Studio Version 17
VisualStudioVersion = 17.11.35222.181
MinimumVisualStudioVersion = 10.0.40219.1
Project("{FAE04EC0-301F-11D3-BF4B-00C04F79EFBC}") = "Kriteriji", "Kriteriji\Kriteriji.csproj", "{28114FBD-1581-4BC0-8A3E-50A6484BBBE2}"
EndProject
Global
	GlobalSection(SolutionConfigurationPlatforms) = preSolution
		Debug|Any CPU = Debug|Any CPU
		Release|Any CPU = Release|Any CPU
	EndGlobalSection
	GlobalSection(ProjectConfigurationPlatforms) = postSolution
		{28114FBD-1581-4BC0-8A3E-50A6484BBBE2}.Debug|Any CPU.ActiveCfg = Debug|Any CPU
		{28114FBD-1581-4BC0-8A3E-50A6484BBBE2}.Debug|Any CPU.Build.0 = Debug|Any CPU
		{28114FBD-1581-4BC0-8A3E-50A6484BBBE2}.Release|Any CPU.ActiveCfg = Release|Any CPU
		{28114FBD-1581-4BC0-8A3E-50A6484BBBE2}.Release|Any CPU.Build.0 = Release|Any CPU
	EndGlobalSection
	GlobalSection(SolutionProperties) = preSolution
		HideSolutionNode = FALSE
	EndGlobalSection
	GlobalSection(ExtensibilityGlobals) = postSolution
		SolutionGuid = {3A640D6C-09C5-45E2-A1A3-23245763FC1E}
	EndGlobalSection
EndGlobal
